// !$*UTF8*$!
{
	archiveVersion = 1;
	classes = {
	};
	objectVersion = 46;
	objects = {

/* Begin PBXBuildFile section */
		2D877A5715EE0524008489B3 /* Foundation.framework in Frameworks */ = {isa = PBXBuildFile; fileRef = 2D877A5615EE0524008489B3 /* Foundation.framework */; };
		2D877A5915EE0524008489B3 /* UIKit.framework in Frameworks */ = {isa = PBXBuildFile; fileRef = 2D877A5815EE0524008489B3 /* UIKit.framework */; };
		2D877A5B15EE0524008489B3 /* CoreGraphics.framework in Frameworks */ = {isa = PBXBuildFile; fileRef = 2D877A5A15EE0524008489B3 /* CoreGraphics.framework */; };
		2D877A5D15EE0524008489B3 /* AddressBook.framework in Frameworks */ = {isa = PBXBuildFile; fileRef = 2D877A5C15EE0524008489B3 /* AddressBook.framework */; };
		2D877A5F15EE0524008489B3 /* AddressBookUI.framework in Frameworks */ = {isa = PBXBuildFile; fileRef = 2D877A5E15EE0524008489B3 /* AddressBookUI.framework */; };
		2D877A6115EE0524008489B3 /* AudioToolbox.framework in Frameworks */ = {isa = PBXBuildFile; fileRef = 2D877A6015EE0524008489B3 /* AudioToolbox.framework */; };
		2D877A6315EE0524008489B3 /* AVFoundation.framework in Frameworks */ = {isa = PBXBuildFile; fileRef = 2D877A6215EE0524008489B3 /* AVFoundation.framework */; };
		2D877A6515EE0524008489B3 /* CoreLocation.framework in Frameworks */ = {isa = PBXBuildFile; fileRef = 2D877A6415EE0524008489B3 /* CoreLocation.framework */; };
		2D877A6715EE0524008489B3 /* MediaPlayer.framework in Frameworks */ = {isa = PBXBuildFile; fileRef = 2D877A6615EE0524008489B3 /* MediaPlayer.framework */; };
		2D877A6915EE0524008489B3 /* QuartzCore.framework in Frameworks */ = {isa = PBXBuildFile; fileRef = 2D877A6815EE0524008489B3 /* QuartzCore.framework */; };
		2D877A6B15EE0524008489B3 /* SystemConfiguration.framework in Frameworks */ = {isa = PBXBuildFile; fileRef = 2D877A6A15EE0524008489B3 /* SystemConfiguration.framework */; };
		2D877A6D15EE0524008489B3 /* MobileCoreServices.framework in Frameworks */ = {isa = PBXBuildFile; fileRef = 2D877A6C15EE0524008489B3 /* MobileCoreServices.framework */; };
		2D877A6F15EE0524008489B3 /* CoreMedia.framework in Frameworks */ = {isa = PBXBuildFile; fileRef = 2D877A6E15EE0524008489B3 /* CoreMedia.framework */; };
		2D877A7515EE0524008489B3 /* InfoPlist.strings in Resources */ = {isa = PBXBuildFile; fileRef = 2D877A7315EE0524008489B3 /* InfoPlist.strings */; };
		2D877A7715EE0524008489B3 /* main.m in Sources */ = {isa = PBXBuildFile; fileRef = 2D877A7615EE0524008489B3 /* main.m */; };
		2D877A7A15EE0524008489B3 /* Cordova.framework in Frameworks */ = {isa = PBXBuildFile; fileRef = 2D877A7915EE0524008489B3 /* Cordova.framework */; };
		2D877A7F15EE0524008489B3 /* Localizable.strings in Resources */ = {isa = PBXBuildFile; fileRef = 2D877A7D15EE0524008489B3 /* Localizable.strings */; };
		2D877A8315EE0524008489B3 /* Localizable.strings in Resources */ = {isa = PBXBuildFile; fileRef = 2D877A8115EE0524008489B3 /* Localizable.strings */; };
		2D877A8715EE0524008489B3 /* Localizable.strings in Resources */ = {isa = PBXBuildFile; fileRef = 2D877A8515EE0524008489B3 /* Localizable.strings */; };
		2D877A8B15EE0524008489B3 /* Localizable.strings in Resources */ = {isa = PBXBuildFile; fileRef = 2D877A8915EE0524008489B3 /* Localizable.strings */; };
		2D877A8E15EE0524008489B3 /* icon.png in Resources */ = {isa = PBXBuildFile; fileRef = 2D877A8D15EE0524008489B3 /* icon.png */; };
		2D877A9015EE0524008489B3 /* icon@2x.png in Resources */ = {isa = PBXBuildFile; fileRef = 2D877A8F15EE0524008489B3 /* icon@2x.png */; };
		2D877A9215EE0524008489B3 /* icon-72.png in Resources */ = {isa = PBXBuildFile; fileRef = 2D877A9115EE0524008489B3 /* icon-72.png */; };
		2D877A9515EE0524008489B3 /* Default~iphone.png in Resources */ = {isa = PBXBuildFile; fileRef = 2D877A9415EE0524008489B3 /* Default~iphone.png */; };
		2D877A9715EE0525008489B3 /* Default@2x~iphone.png in Resources */ = {isa = PBXBuildFile; fileRef = 2D877A9615EE0525008489B3 /* Default@2x~iphone.png */; };
		2D877A9915EE0525008489B3 /* Capture.bundle in Resources */ = {isa = PBXBuildFile; fileRef = 2D877A9815EE0525008489B3 /* Capture.bundle */; };
		2D877A9B15EE0525008489B3 /* Cordova.plist in Resources */ = {isa = PBXBuildFile; fileRef = 2D877A9A15EE0525008489B3 /* Cordova.plist */; };
		2D877A9F15EE0525008489B3 /* AppDelegate.m in Sources */ = {isa = PBXBuildFile; fileRef = 2D877A9E15EE0525008489B3 /* AppDelegate.m */; };
		2D877AA215EE0525008489B3 /* MainViewController.m in Sources */ = {isa = PBXBuildFile; fileRef = 2D877AA115EE0525008489B3 /* MainViewController.m */; };
		2D877AA415EE0525008489B3 /* MainViewController.xib in Resources */ = {isa = PBXBuildFile; fileRef = 2D877AA315EE0525008489B3 /* MainViewController.xib */; };
		2D877AAE15EE0547008489B3 /* www in Resources */ = {isa = PBXBuildFile; fileRef = 2D877AAD15EE0547008489B3 /* www */; };
/* End PBXBuildFile section */

/* Begin PBXFileReference section */
		2D877A5215EE0524008489B3 /* TestGeo.app */ = {isa = PBXFileReference; explicitFileType = wrapper.application; includeInIndex = 0; path = TestGeo.app; sourceTree = BUILT_PRODUCTS_DIR; };
		2D877A5615EE0524008489B3 /* Foundation.framework */ = {isa = PBXFileReference; lastKnownFileType = wrapper.framework; name = Foundation.framework; path = System/Library/Frameworks/Foundation.framework; sourceTree = SDKROOT; };
		2D877A5815EE0524008489B3 /* UIKit.framework */ = {isa = PBXFileReference; lastKnownFileType = wrapper.framework; name = UIKit.framework; path = System/Library/Frameworks/UIKit.framework; sourceTree = SDKROOT; };
		2D877A5A15EE0524008489B3 /* CoreGraphics.framework */ = {isa = PBXFileReference; lastKnownFileType = wrapper.framework; name = CoreGraphics.framework; path = System/Library/Frameworks/CoreGraphics.framework; sourceTree = SDKROOT; };
		2D877A5C15EE0524008489B3 /* AddressBook.framework */ = {isa = PBXFileReference; lastKnownFileType = wrapper.framework; name = AddressBook.framework; path = System/Library/Frameworks/AddressBook.framework; sourceTree = SDKROOT; };
		2D877A5E15EE0524008489B3 /* AddressBookUI.framework */ = {isa = PBXFileReference; lastKnownFileType = wrapper.framework; name = AddressBookUI.framework; path = System/Library/Frameworks/AddressBookUI.framework; sourceTree = SDKROOT; };
		2D877A6015EE0524008489B3 /* AudioToolbox.framework */ = {isa = PBXFileReference; lastKnownFileType = wrapper.framework; name = AudioToolbox.framework; path = System/Library/Frameworks/AudioToolbox.framework; sourceTree = SDKROOT; };
		2D877A6215EE0524008489B3 /* AVFoundation.framework */ = {isa = PBXFileReference; lastKnownFileType = wrapper.framework; name = AVFoundation.framework; path = System/Library/Frameworks/AVFoundation.framework; sourceTree = SDKROOT; };
		2D877A6415EE0524008489B3 /* CoreLocation.framework */ = {isa = PBXFileReference; lastKnownFileType = wrapper.framework; name = CoreLocation.framework; path = System/Library/Frameworks/CoreLocation.framework; sourceTree = SDKROOT; };
		2D877A6615EE0524008489B3 /* MediaPlayer.framework */ = {isa = PBXFileReference; lastKnownFileType = wrapper.framework; name = MediaPlayer.framework; path = System/Library/Frameworks/MediaPlayer.framework; sourceTree = SDKROOT; };
		2D877A6815EE0524008489B3 /* QuartzCore.framework */ = {isa = PBXFileReference; lastKnownFileType = wrapper.framework; name = QuartzCore.framework; path = System/Library/Frameworks/QuartzCore.framework; sourceTree = SDKROOT; };
		2D877A6A15EE0524008489B3 /* SystemConfiguration.framework */ = {isa = PBXFileReference; lastKnownFileType = wrapper.framework; name = SystemConfiguration.framework; path = System/Library/Frameworks/SystemConfiguration.framework; sourceTree = SDKROOT; };
		2D877A6C15EE0524008489B3 /* MobileCoreServices.framework */ = {isa = PBXFileReference; lastKnownFileType = wrapper.framework; name = MobileCoreServices.framework; path = System/Library/Frameworks/MobileCoreServices.framework; sourceTree = SDKROOT; };
		2D877A6E15EE0524008489B3 /* CoreMedia.framework */ = {isa = PBXFileReference; lastKnownFileType = wrapper.framework; name = CoreMedia.framework; path = System/Library/Frameworks/CoreMedia.framework; sourceTree = SDKROOT; };
		2D877A7215EE0524008489B3 /* TestGeo-Info.plist */ = {isa = PBXFileReference; lastKnownFileType = text.plist.xml; path = "TestGeo-Info.plist"; sourceTree = "<group>"; };
		2D877A7415EE0524008489B3 /* en */ = {isa = PBXFileReference; lastKnownFileType = text.plist.strings; name = en; path = en.lproj/InfoPlist.strings; sourceTree = "<group>"; };
		2D877A7615EE0524008489B3 /* main.m */ = {isa = PBXFileReference; lastKnownFileType = sourcecode.c.objc; path = main.m; sourceTree = "<group>"; };
		2D877A7815EE0524008489B3 /* TestGeo-Prefix.pch */ = {isa = PBXFileReference; lastKnownFileType = sourcecode.c.h; path = "TestGeo-Prefix.pch"; sourceTree = "<group>"; };
		2D877A7915EE0524008489B3 /* Cordova.framework */ = {isa = PBXFileReference; lastKnownFileType = wrapper.framework; name = Cordova.framework; path = /Users/Shared/Cordova/Frameworks/Cordova.framework; sourceTree = "<absolute>"; };
		2D877A7E15EE0524008489B3 /* en */ = {isa = PBXFileReference; lastKnownFileType = text.plist.strings; name = en; path = Resources/en.lproj/Localizable.strings; sourceTree = "<group>"; };
		2D877A8215EE0524008489B3 /* es */ = {isa = PBXFileReference; lastKnownFileType = text.plist.strings; name = es; path = Resources/es.lproj/Localizable.strings; sourceTree = "<group>"; };
		2D877A8615EE0524008489B3 /* de */ = {isa = PBXFileReference; lastKnownFileType = text.plist.strings; name = de; path = Resources/de.lproj/Localizable.strings; sourceTree = "<group>"; };
		2D877A8A15EE0524008489B3 /* se */ = {isa = PBXFileReference; lastKnownFileType = text.plist.strings; name = se; path = Resources/se.lproj/Localizable.strings; sourceTree = "<group>"; };
		2D877A8D15EE0524008489B3 /* icon.png */ = {isa = PBXFileReference; lastKnownFileType = image.png; name = icon.png; path = Resources/icons/icon.png; sourceTree = "<group>"; };
		2D877A8F15EE0524008489B3 /* icon@2x.png */ = {isa = PBXFileReference; lastKnownFileType = image.png; name = "icon@2x.png"; path = "Resources/icons/icon@2x.png"; sourceTree = "<group>"; };
		2D877A9115EE0524008489B3 /* icon-72.png */ = {isa = PBXFileReference; lastKnownFileType = image.png; name = "icon-72.png"; path = "Resources/icons/icon-72.png"; sourceTree = "<group>"; };
		2D877A9415EE0524008489B3 /* Default~iphone.png */ = {isa = PBXFileReference; lastKnownFileType = image.png; name = "Default~iphone.png"; path = "Resources/splash/Default~iphone.png"; sourceTree = "<group>"; };
		2D877A9615EE0525008489B3 /* Default@2x~iphone.png */ = {isa = PBXFileReference; lastKnownFileType = image.png; name = "Default@2x~iphone.png"; path = "Resources/splash/Default@2x~iphone.png"; sourceTree = "<group>"; };
		2D877A9815EE0525008489B3 /* Capture.bundle */ = {isa = PBXFileReference; lastKnownFileType = "wrapper.plug-in"; name = Capture.bundle; path = Resources/Capture.bundle; sourceTree = "<group>"; };
		2D877A9A15EE0525008489B3 /* Cordova.plist */ = {isa = PBXFileReference; lastKnownFileType = text.plist.xml; path = Cordova.plist; sourceTree = "<group>"; };
		2D877A9D15EE0525008489B3 /* AppDelegate.h */ = {isa = PBXFileReference; lastKnownFileType = sourcecode.c.h; name = AppDelegate.h; path = Classes/AppDelegate.h; sourceTree = "<group>"; };
		2D877A9E15EE0525008489B3 /* AppDelegate.m */ = {isa = PBXFileReference; lastKnownFileType = sourcecode.c.objc; name = AppDelegate.m; path = Classes/AppDelegate.m; sourceTree = "<group>"; };
		2D877AA015EE0525008489B3 /* MainViewController.h */ = {isa = PBXFileReference; lastKnownFileType = sourcecode.c.h; name = MainViewController.h; path = Classes/MainViewController.h; sourceTree = "<group>"; };
		2D877AA115EE0525008489B3 /* MainViewController.m */ = {isa = PBXFileReference; lastKnownFileType = sourcecode.c.objc; name = MainViewController.m; path = Classes/MainViewController.m; sourceTree = "<group>"; };
		2D877AA315EE0525008489B3 /* MainViewController.xib */ = {isa = PBXFileReference; lastKnownFileType = file.xib; name = MainViewController.xib; path = Classes/MainViewController.xib; sourceTree = "<group>"; };
		2D877AA615EE0525008489B3 /* README */ = {isa = PBXFileReference; lastKnownFileType = text; name = README; path = Plugins/README; sourceTree = "<group>"; };
		2D877AA715EE0525008489B3 /* verify.sh */ = {isa = PBXFileReference; lastKnownFileType = text.script.sh; path = verify.sh; sourceTree = "<group>"; };
		2D877AAD15EE0547008489B3 /* www */ = {isa = PBXFileReference; lastKnownFileType = folder; path = www; sourceTree = "<group>"; };
/* End PBXFileReference section */

/* Begin PBXFrameworksBuildPhase section */
		2D877A4C15EE0524008489B3 /* Frameworks */ = {
			isa = PBXFrameworksBuildPhase;
			buildActionMask = 2147483647;
			files = (
				2D877A5715EE0524008489B3 /* Foundation.framework in Frameworks */,
				2D877A5915EE0524008489B3 /* UIKit.framework in Frameworks */,
				2D877A5B15EE0524008489B3 /* CoreGraphics.framework in Frameworks */,
				2D877A5D15EE0524008489B3 /* AddressBook.framework in Frameworks */,
				2D877A5F15EE0524008489B3 /* AddressBookUI.framework in Frameworks */,
				2D877A6115EE0524008489B3 /* AudioToolbox.framework in Frameworks */,
				2D877A6315EE0524008489B3 /* AVFoundation.framework in Frameworks */,
				2D877A6515EE0524008489B3 /* CoreLocation.framework in Frameworks */,
				2D877A6715EE0524008489B3 /* MediaPlayer.framework in Frameworks */,
				2D877A6915EE0524008489B3 /* QuartzCore.framework in Frameworks */,
				2D877A6B15EE0524008489B3 /* SystemConfiguration.framework in Frameworks */,
				2D877A6D15EE0524008489B3 /* MobileCoreServices.framework in Frameworks */,
				2D877A6F15EE0524008489B3 /* CoreMedia.framework in Frameworks */,
				2D877A7A15EE0524008489B3 /* Cordova.framework in Frameworks */,
			);
			runOnlyForDeploymentPostprocessing = 0;
		};
		2D877A4F15EE0524008489B3 /* Frameworks */ = {
			isa = PBXFrameworksBuildPhase;
			buildActionMask = 2147483647;
			files = (
			);
			runOnlyForDeploymentPostprocessing = 0;
		};
/* End PBXFrameworksBuildPhase section */

/* Begin PBXGroup section */
		2D877A4415EE0524008489B3 = {
			isa = PBXGroup;
			children = (
				2D877AAD15EE0547008489B3 /* www */,
				2D877A7015EE0524008489B3 /* TestGeo */,
				2D877A5515EE0524008489B3 /* Frameworks */,
				2D877A5315EE0524008489B3 /* Products */,
			);
			sourceTree = "<group>";
		};
		2D877A5315EE0524008489B3 /* Products */ = {
			isa = PBXGroup;
			children = (
				2D877A5215EE0524008489B3 /* TestGeo.app */,
			);
			name = Products;
			sourceTree = "<group>";
		};
		2D877A5515EE0524008489B3 /* Frameworks */ = {
			isa = PBXGroup;
			children = (
				2D877A5615EE0524008489B3 /* Foundation.framework */,
				2D877A5815EE0524008489B3 /* UIKit.framework */,
				2D877A5A15EE0524008489B3 /* CoreGraphics.framework */,
				2D877A5C15EE0524008489B3 /* AddressBook.framework */,
				2D877A5E15EE0524008489B3 /* AddressBookUI.framework */,
				2D877A6015EE0524008489B3 /* AudioToolbox.framework */,
				2D877A6215EE0524008489B3 /* AVFoundation.framework */,
				2D877A6415EE0524008489B3 /* CoreLocation.framework */,
				2D877A6615EE0524008489B3 /* MediaPlayer.framework */,
				2D877A6815EE0524008489B3 /* QuartzCore.framework */,
				2D877A6A15EE0524008489B3 /* SystemConfiguration.framework */,
				2D877A6C15EE0524008489B3 /* MobileCoreServices.framework */,
				2D877A6E15EE0524008489B3 /* CoreMedia.framework */,
			);
			name = Frameworks;
			sourceTree = "<group>";
		};
		2D877A7015EE0524008489B3 /* TestGeo */ = {
			isa = PBXGroup;
			children = (
				2D877A7915EE0524008489B3 /* Cordova.framework */,
				2D877A7B15EE0524008489B3 /* Resources */,
				2D877A9C15EE0525008489B3 /* Classes */,
				2D877AA515EE0525008489B3 /* Plugins */,
				2D877A7115EE0524008489B3 /* Supporting Files */,
			);
			path = TestGeo;
			sourceTree = "<group>";
		};
		2D877A7115EE0524008489B3 /* Supporting Files */ = {
			isa = PBXGroup;
			children = (
				2D877A7215EE0524008489B3 /* TestGeo-Info.plist */,
				2D877A7315EE0524008489B3 /* InfoPlist.strings */,
				2D877A7615EE0524008489B3 /* main.m */,
				2D877A7815EE0524008489B3 /* TestGeo-Prefix.pch */,
				2D877A9A15EE0525008489B3 /* Cordova.plist */,
				2D877AA315EE0525008489B3 /* MainViewController.xib */,
				2D877AA715EE0525008489B3 /* verify.sh */,
			);
			name = "Supporting Files";
			sourceTree = "<group>";
		};
		2D877A7B15EE0524008489B3 /* Resources */ = {
			isa = PBXGroup;
			children = (
				2D877A9815EE0525008489B3 /* Capture.bundle */,
				2D877A7C15EE0524008489B3 /* en.lproj */,
				2D877A8015EE0524008489B3 /* es.lproj */,
				2D877A8415EE0524008489B3 /* de.lproj */,
				2D877A8815EE0524008489B3 /* se.lproj */,
				2D877A8C15EE0524008489B3 /* icons */,
				2D877A9315EE0524008489B3 /* splash */,
			);
			name = Resources;
			sourceTree = "<group>";
		};
		2D877A7C15EE0524008489B3 /* en.lproj */ = {
			isa = PBXGroup;
			children = (
				2D877A7D15EE0524008489B3 /* Localizable.strings */,
			);
			name = en.lproj;
			sourceTree = "<group>";
		};
		2D877A8015EE0524008489B3 /* es.lproj */ = {
			isa = PBXGroup;
			children = (
				2D877A8115EE0524008489B3 /* Localizable.strings */,
			);
			name = es.lproj;
			sourceTree = "<group>";
		};
		2D877A8415EE0524008489B3 /* de.lproj */ = {
			isa = PBXGroup;
			children = (
				2D877A8515EE0524008489B3 /* Localizable.strings */,
			);
			name = de.lproj;
			sourceTree = "<group>";
		};
		2D877A8815EE0524008489B3 /* se.lproj */ = {
			isa = PBXGroup;
			children = (
				2D877A8915EE0524008489B3 /* Localizable.strings */,
			);
			name = se.lproj;
			sourceTree = "<group>";
		};
		2D877A8C15EE0524008489B3 /* icons */ = {
			isa = PBXGroup;
			children = (
				2D877A8D15EE0524008489B3 /* icon.png */,
				2D877A8F15EE0524008489B3 /* icon@2x.png */,
				2D877A9115EE0524008489B3 /* icon-72.png */,
			);
			name = icons;
			sourceTree = "<group>";
		};
		2D877A9315EE0524008489B3 /* splash */ = {
			isa = PBXGroup;
			children = (
				2D877A9415EE0524008489B3 /* Default~iphone.png */,
				2D877A9615EE0525008489B3 /* Default@2x~iphone.png */,
			);
			name = splash;
			sourceTree = "<group>";
		};
		2D877A9C15EE0525008489B3 /* Classes */ = {
			isa = PBXGroup;
			children = (
				2D877A9D15EE0525008489B3 /* AppDelegate.h */,
				2D877A9E15EE0525008489B3 /* AppDelegate.m */,
				2D877AA015EE0525008489B3 /* MainViewController.h */,
				2D877AA115EE0525008489B3 /* MainViewController.m */,
			);
			name = Classes;
			sourceTree = "<group>";
		};
		2D877AA515EE0525008489B3 /* Plugins */ = {
			isa = PBXGroup;
			children = (
				2D877AA615EE0525008489B3 /* README */,
			);
			name = Plugins;
			sourceTree = "<group>";
		};
/* End PBXGroup section */

/* Begin PBXNativeTarget section */
		2D877A5115EE0524008489B3 /* TestGeo */ = {
			isa = PBXNativeTarget;
			buildConfigurationList = 2D877AAA15EE0525008489B3 /* Build configuration list for PBXNativeTarget "TestGeo" */;
			buildPhases = (
				2D877A4B15EE0524008489B3 /* Sources */,
				2D877A4C15EE0524008489B3 /* Frameworks */,
				2D877A4D15EE0524008489B3 /* Resources */,
				2D877A4E15EE0524008489B3 /* Sources */,
				2D877A4F15EE0524008489B3 /* Frameworks */,
				2D877A5015EE0524008489B3 /* ShellScript */,
			);
			buildRules = (
			);
			dependencies = (
			);
			name = TestGeo;
			productName = TestGeo;
			productReference = 2D877A5215EE0524008489B3 /* TestGeo.app */;
			productType = "com.apple.product-type.application";
		};
/* End PBXNativeTarget section */

/* Begin PBXProject section */
		2D877A4615EE0524008489B3 /* Project object */ = {
			isa = PBXProject;
			attributes = {
				LastUpgradeCheck = 0440;
				ORGANIZATIONNAME = "Blue Touch";
			};
			buildConfigurationList = 2D877A4915EE0524008489B3 /* Build configuration list for PBXProject "TestGeo" */;
			compatibilityVersion = "Xcode 3.2";
			developmentRegion = English;
			hasScannedForEncodings = 0;
			knownRegions = (
				en,
				es,
				de,
				se,
			);
			mainGroup = 2D877A4415EE0524008489B3;
			productRefGroup = 2D877A5315EE0524008489B3 /* Products */;
			projectDirPath = "";
			projectRoot = "";
			targets = (
				2D877A5115EE0524008489B3 /* TestGeo */,
			);
		};
/* End PBXProject section */

/* Begin PBXResourcesBuildPhase section */
		2D877A4D15EE0524008489B3 /* Resources */ = {
			isa = PBXResourcesBuildPhase;
			buildActionMask = 2147483647;
			files = (
				2D877A7515EE0524008489B3 /* InfoPlist.strings in Resources */,
				2D877A7F15EE0524008489B3 /* Localizable.strings in Resources */,
				2D877A8315EE0524008489B3 /* Localizable.strings in Resources */,
				2D877A8715EE0524008489B3 /* Localizable.strings in Resources */,
				2D877A8B15EE0524008489B3 /* Localizable.strings in Resources */,
				2D877A8E15EE0524008489B3 /* icon.png in Resources */,
				2D877A9015EE0524008489B3 /* icon@2x.png in Resources */,
				2D877A9215EE0524008489B3 /* icon-72.png in Resources */,
				2D877A9515EE0524008489B3 /* Default~iphone.png in Resources */,
				2D877A9715EE0525008489B3 /* Default@2x~iphone.png in Resources */,
				2D877A9915EE0525008489B3 /* Capture.bundle in Resources */,
				2D877A9B15EE0525008489B3 /* Cordova.plist in Resources */,
				2D877AA415EE0525008489B3 /* MainViewController.xib in Resources */,
				2D877AAE15EE0547008489B3 /* www in Resources */,
			);
			runOnlyForDeploymentPostprocessing = 0;
		};
/* End PBXResourcesBuildPhase section */

/* Begin PBXShellScriptBuildPhase section */
		2D877A5015EE0524008489B3 /* ShellScript */ = {
			isa = PBXShellScriptBuildPhase;
			buildActionMask = 2147483647;
			files = (
			);
			inputPaths = (
			);
			outputPaths = (
			);
			runOnlyForDeploymentPostprocessing = 0;
			shellPath = /bin/bash;
			shellScript = "\n\t\t\t\t\t\t\t\tchmod 755 \"$PROJECT_DIR/$PROJECT_NAME/verify.sh\"\n\t\t\t\t\t\t\t\t\"$PROJECT_DIR/$PROJECT_NAME/verify.sh\"\n\t\t\t\t\t";
		};
/* End PBXShellScriptBuildPhase section */

/* Begin PBXSourcesBuildPhase section */
		2D877A4B15EE0524008489B3 /* Sources */ = {
			isa = PBXSourcesBuildPhase;
			buildActionMask = 2147483647;
			files = (
				2D877A7715EE0524008489B3 /* main.m in Sources */,
				2D877A9F15EE0525008489B3 /* AppDelegate.m in Sources */,
				2D877AA215EE0525008489B3 /* MainViewController.m in Sources */,
			);
			runOnlyForDeploymentPostprocessing = 0;
		};
		2D877A4E15EE0524008489B3 /* Sources */ = {
			isa = PBXSourcesBuildPhase;
			buildActionMask = 2147483647;
			files = (
			);
			runOnlyForDeploymentPostprocessing = 0;
		};
/* End PBXSourcesBuildPhase section */

/* Begin PBXVariantGroup section */
		2D877A7315EE0524008489B3 /* InfoPlist.strings */ = {
			isa = PBXVariantGroup;
			children = (
				2D877A7415EE0524008489B3 /* en */,
			);
			name = InfoPlist.strings;
			sourceTree = "<group>";
		};
		2D877A7D15EE0524008489B3 /* Localizable.strings */ = {
			isa = PBXVariantGroup;
			children = (
				2D877A7E15EE0524008489B3 /* en */,
			);
			name = Localizable.strings;
			sourceTree = "<group>";
		};
		2D877A8115EE0524008489B3 /* Localizable.strings */ = {
			isa = PBXVariantGroup;
			children = (
				2D877A8215EE0524008489B3 /* es */,
			);
			name = Localizable.strings;
			sourceTree = "<group>";
		};
		2D877A8515EE0524008489B3 /* Localizable.strings */ = {
			isa = PBXVariantGroup;
			children = (
				2D877A8615EE0524008489B3 /* de */,
			);
			name = Localizable.strings;
			sourceTree = "<group>";
		};
		2D877A8915EE0524008489B3 /* Localizable.strings */ = {
			isa = PBXVariantGroup;
			children = (
				2D877A8A15EE0524008489B3 /* se */,
			);
			name = Localizable.strings;
			sourceTree = "<group>";
		};
/* End PBXVariantGroup section */

/* Begin XCBuildConfiguration section */
		2D877AA815EE0525008489B3 /* Debug */ = {
			isa = XCBuildConfiguration;
			buildSettings = {
				ALWAYS_SEARCH_USER_PATHS = NO;
				ARCHS = (
					armv6,
					"$(ARCHS_STANDARD_32_BIT)",
				);
				CLANG_CXX_LANGUAGE_STANDARD = "gnu++0x";
				CLANG_WARN__DUPLICATE_METHOD_MATCH = YES;
				"CODE_SIGN_IDENTITY[sdk=iphoneos*]" = "iPhone Developer";
				COPY_PHASE_STRIP = NO;
				GCC_C_LANGUAGE_STANDARD = gnu99;
				GCC_DYNAMIC_NO_PIC = NO;
				GCC_OPTIMIZATION_LEVEL = 0;
				GCC_PREPROCESSOR_DEFINITIONS = (
					"DEBUG=1",
					"$(inherited)",
				);
				GCC_SYMBOLS_PRIVATE_EXTERN = NO;
				GCC_VERSION = com.apple.compilers.llvm.clang.1_0;
				GCC_WARN_ABOUT_RETURN_TYPE = YES;
				GCC_WARN_UNINITIALIZED_AUTOS = YES;
				GCC_WARN_UNUSED_VARIABLE = YES;
				IPHONEOS_DEPLOYMENT_TARGET = 3.0;
				SDKROOT = iphoneos;
			};
			name = Debug;
		};
		2D877AA915EE0525008489B3 /* Release */ = {
			isa = XCBuildConfiguration;
			buildSettings = {
				ALWAYS_SEARCH_USER_PATHS = NO;
				ARCHS = (
					armv6,
					"$(ARCHS_STANDARD_32_BIT)",
				);
				CLANG_CXX_LANGUAGE_STANDARD = "gnu++0x";
				CLANG_WARN__DUPLICATE_METHOD_MATCH = YES;
				"CODE_SIGN_IDENTITY[sdk=iphoneos*]" = "iPhone Developer";
				COPY_PHASE_STRIP = YES;
				GCC_C_LANGUAGE_STANDARD = gnu99;
				GCC_VERSION = com.apple.compilers.llvm.clang.1_0;
				GCC_WARN_ABOUT_RETURN_TYPE = YES;
				GCC_WARN_UNINITIALIZED_AUTOS = YES;
				GCC_WARN_UNUSED_VARIABLE = YES;
				IPHONEOS_DEPLOYMENT_TARGET = 3.0;
				SDKROOT = iphoneos;
				VALIDATE_PRODUCT = YES;
			};
			name = Release;
		};
		2D877AAB15EE0525008489B3 /* Debug */ = {
			isa = XCBuildConfiguration;
			buildSettings = {
				ALWAYS_SEARCH_USER_PATHS = YES;
				COPY_PHASE_STRIP = NO;
				FRAMEWORK_SEARCH_PATHS = /Users/Shared/Cordova/Frameworks;
				GCC_DYNAMIC_NO_PIC = NO;
				GCC_PRECOMPILE_PREFIX_HEADER = YES;
				GCC_PREFIX_HEADER = "TestGeo/TestGeo-Prefix.pch";
				GCC_PREPROCESSOR_DEFINITIONS = (
					"DEBUG=1,",
					"CORDOVA_FRAMEWORK=1",
				);
				INFOPLIST_FILE = "TestGeo/TestGeo-Info.plist";
				OTHER_LDFLAGS = (
					"-weak_framework",
					UIKit,
					"-weak_framework",
					AVFoundation,
					"-weak_framework",
					CoreMedia,
					"-weak-lSystem",
				);
				PRODUCT_NAME = "$(TARGET_NAME)";
				TARGETED_DEVICE_FAMILY = "1,2";
				WRAPPER_EXTENSION = app;
			};
			name = Debug;
		};
		2D877AAC15EE0525008489B3 /* Release */ = {
			isa = XCBuildConfiguration;
			buildSettings = {
				ALWAYS_SEARCH_USER_PATHS = YES;
				COPY_PHASE_STRIP = YES;
				DEBUG_INFORMATION_FORMAT = "dwarf-with-dsym";
				FRAMEWORK_SEARCH_PATHS = /Users/Shared/Cordova/Frameworks;
				GCC_PRECOMPILE_PREFIX_HEADER = YES;
				GCC_PREFIX_HEADER = "TestGeo/TestGeo-Prefix.pch";
				GCC_PREPROCESSOR_DEFINITIONS = (
					"NDEBUG=1,",
					"CORDOVA_FRAMEWORK=1",
				);
				INFOPLIST_FILE = "TestGeo/TestGeo-Info.plist";
				OTHER_LDFLAGS = (
					"-weak_framework",
					UIKit,
					"-weak_framework",
					AVFoundation,
					"-weak_framework",
					CoreMedia,
					"-weak-lSystem",
				);
				PRODUCT_NAME = "$(TARGET_NAME)";
				TARGETED_DEVICE_FAMILY = "1,2";
				VALIDATE_PRODUCT = YES;
				WRAPPER_EXTENSION = app;
			};
			name = Release;
		};
/* End XCBuildConfiguration section */

/* Begin XCConfigurationList section */
		2D877A4915EE0524008489B3 /* Build configuration list for PBXProject "TestGeo" */ = {
			isa = XCConfigurationList;
			buildConfigurations = (
				2D877AA815EE0525008489B3 /* Debug */,
				2D877AA915EE0525008489B3 /* Release */,
			);
			defaultConfigurationIsVisible = 0;
			defaultConfigurationName = Release;
		};
		2D877AAA15EE0525008489B3 /* Build configuration list for PBXNativeTarget "TestGeo" */ = {
			isa = XCConfigurationList;
			buildConfigurations = (
				2D877AAB15EE0525008489B3 /* Debug */,
				2D877AAC15EE0525008489B3 /* Release */,
			);
			defaultConfigurationIsVisible = 0;
		};
/* End XCConfigurationList section */
	};
	rootObject = 2D877A4615EE0524008489B3 /* Project object */;
}
